{
    "_meta": {
        "hash": {
            "sha256": "5b76ba186a53d740272baf4574dff0da3da229df147a50b867f5940b75fe9a6e"
        },
        "pipfile-spec": 6,
        "requires": {
            "python_full_version": "3.12.1",
            "python_version": "3.12"
        },
        "sources": [
            {
                "name": "pypi",
                "url": "https://pypi.org/simple",
                "verify_ssl": true
            }
        ]
    },
    "default": {
        "pyfiglet": {
            "hashes": [
                "sha256:758788018ab8faaddc0984e1ea05ff330d3c64be663c513cc1f105f6a3066dab",
                "sha256:889b351d79c99e50a3f619c8f8e6ffdb27fd8c939fc43ecbd7559bd57d5f93ea"
            ],
            "index": "pypi",
            "markers": "python_version >= '3.9'",
            "version": "==1.0.2"
        }
    },
    "develop": {}
}
